
Microsoft Visual Studio Solution File, Format Version 12.00
Project("{FAE04EC0-301F-11D3-BF4B-00C04F79EFBC}") = "BiliToPNG", "BiliToPNG.csproj", "{8EA8EF09-7496-4F68-B8E7-F08BE2C7F65F}"
EndProject
Global
	GlobalSection(SolutionConfigurationPlatforms) = preSolution
		Debug|Any CPU = Debug|Any CPU
		Release|Any CPU = Release|Any CPU
	EndGlobalSection
	GlobalSection(ProjectConfigurationPlatforms) = postSolution
		{8EA8EF09-7496-4F68-B8E7-F08BE2C7F65F}.Debug|Any CPU.ActiveCfg = Debug|Any CPU
		{8EA8EF09-7496-4F68-B8E7-F08BE2C7F65F}.Debug|Any CPU.Build.0 = Debug|Any CPU
		{8EA8EF09-7496-4F68-B8E7-F08BE2C7F65F}.Release|Any CPU.ActiveCfg = Release|Any CPU
		{8EA8EF09-7496-4F68-B8E7-F08BE2C7F65F}.Release|Any CPU.Build.0 = Release|Any CPU
	EndGlobalSection
EndGlobal
